# This file is automatically @generated by Cargo.
# It is not intended for manual editing.
version = 4

[[package]]
name = "indicate-alerts"
version = "0.1.0"
source = "git+https://github.com/luofang34/Indicate.git?rev=9b2c2b895e2fe3ac061b4aeeb809b7a9d7bdf15f#9b2c2b895e2fe3ac061b4aeeb809b7a9d7bdf15f"
dependencies = [
 "thiserror",
]

[[package]]
name = "indicate-frames"
version = "0.1.0"
source = "git+https://github.com/luofang34/Indicate.git?rev=9b2c2b895e2fe3ac061b4aeeb809b7a9d7bdf15f#9b2c2b895e2fe3ac061b4aeeb809b7a9d7bdf15f"
dependencies = [
 "libm",
]

[[package]]
name = "indicate-instrument-conformance"
version = "0.1.0"
source = "git+https://github.com/luofang34/Indicate.git?rev=9b2c2b895e2fe3ac061b4aeeb809b7a9d7bdf15f#9b2c2b895e2fe3ac061b4aeeb809b7a9d7bdf15f"
dependencies = [
 "indicate-alerts",
 "indicate-instrument-glyphs",
 "indicate-instrument-registry",
 "indicate-instrument-scene",
 "indicate-instrument-state",
 "thiserror",
]

[[package]]
name = "indicate-instrument-descriptor"
version = "0.1.0"
source = "git+https://github.com/luofang34/Indicate.git?rev=9b2c2b895e2fe3ac061b4aeeb809b7a9d7bdf15f#9b2c2b895e2fe3ac061b4aeeb809b7a9d7bdf15f"
dependencies = [
 "indicate-alerts",
 "indicate-instrument-scene",
 "indicate-instrument-state",
 "thiserror",
]

[[package]]
name = "indicate-instrument-glyphs"
version = "0.1.0"
source = "git+https://github.com/luofang34/Indicate.git?rev=9b2c2b895e2fe3ac061b4aeeb809b7a9d7bdf15f#9b2c2b895e2fe3ac061b4aeeb809b7a9d7bdf15f"
dependencies = [
 "indicate-sha256",
 "thiserror",
]

[[package]]
name = "indicate-instrument-hmd"
version = "0.1.0"
dependencies = [
 "indicate-alerts",
 "indicate-instrument-conformance",
 "indicate-instrument-descriptor",
 "indicate-instrument-glyphs",
 "indicate-instrument-registry",
 "indicate-instrument-scene",
 "indicate-instrument-state",
 "indicate-instrument-symbology",
 "libm",
]

[[package]]
name = "indicate-instrument-registry"
version = "0.1.0"
source = "git+https://github.com/luofang34/Indicate.git?rev=9b2c2b895e2fe3ac061b4aeeb809b7a9d7bdf15f#9b2c2b895e2fe3ac061b4aeeb809b7a9d7bdf15f"
dependencies = [
 "indicate-instrument-descriptor",
 "indicate-instrument-scene",
 "indicate-instrument-state",
 "indicate-sha256",
 "thiserror",
]

[[package]]
name = "indicate-instrument-scene"
version = "0.1.0"
source = "git+https://github.com/luofang34/Indicate.git?rev=9b2c2b895e2fe3ac061b4aeeb809b7a9d7bdf15f#9b2c2b895e2fe3ac061b4aeeb809b7a9d7bdf15f"
dependencies = [
 "thiserror",
]

[[package]]
name = "indicate-instrument-state"
version = "0.1.0"
source = "git+https://github.com/luofang34/Indicate.git?rev=9b2c2b895e2fe3ac061b4aeeb809b7a9d7bdf15f#9b2c2b895e2fe3ac061b4aeeb809b7a9d7bdf15f"
dependencies = [
 "indicate-alerts",
 "indicate-frames",
 "libm",
 "thiserror",
]

[[package]]
name = "indicate-instrument-svs"
version = "0.1.0"
dependencies = [
 "indicate-alerts",
 "indicate-instrument-conformance",
 "indicate-instrument-descriptor",
 "indicate-instrument-registry",
 "indicate-instrument-scene",
 "indicate-instrument-state",
 "indicate-instrument-symbology",
 "libm",
]

[[package]]
name = "indicate-instrument-symbology"
version = "0.1.0"
source = "git+https://github.com/luofang34/Indicate.git?rev=9b2c2b895e2fe3ac061b4aeeb809b7a9d7bdf15f#9b2c2b895e2fe3ac061b4aeeb809b7a9d7bdf15f"
dependencies = [
 "indicate-alerts",
 "indicate-instrument-scene",
 "indicate-instrument-state",
 "thiserror",
]

[[package]]
name = "indicate-sha256"
version = "0.1.0"
source = "git+https://github.com/luofang34/Indicate.git?rev=9b2c2b895e2fe3ac061b4aeeb809b7a9d7bdf15f#9b2c2b895e2fe3ac061b4aeeb809b7a9d7bdf15f"

[[package]]
name = "indicate-svs-bridge"
version = "0.1.0"
dependencies = [
 "indicate-instrument-descriptor",
 "indicate-instrument-glyphs",
 "indicate-instrument-hmd",
 "indicate-instrument-scene",
 "indicate-instrument-state",
 "libm",
]

[[package]]
name = "libm"
version = "0.2.16"
source = "registry+https://github.com/rust-lang/crates.io-index"
checksum = "b6d2cec3eae94f9f509c767b45932f1ada8350c4bdb85af2fcab4a3c14807981"

[[package]]
name = "proc-macro2"
version = "1.0.107"
source = "registry+https://github.com/rust-lang/crates.io-index"
checksum = "985e7ec9bb745e6ce6535b544d84d6cd6f7ad8bd711c398938ae983b91a766d9"
dependencies = [
 "unicode-ident",
]

[[package]]
name = "quote"
version = "1.0.47"
source = "registry+https://github.com/rust-lang/crates.io-index"
checksum = "1fbf4db142a473a8d80c26bbf18454ed458bf8d26c8219c331daecfdbd079001"
dependencies = [
 "proc-macro2",
]

[[package]]
name = "syn"
version = "3.0.5"
source = "registry+https://github.com/rust-lang/crates.io-index"
checksum = "12df2e0110f65b775f769bb17ef989067a1d931b2eb822bd4346631eeada89f9"
dependencies = [
 "proc-macro2",
 "quote",
 "unicode-ident",
]

[[package]]
name = "thiserror"
version = "2.0.20"
source = "registry+https://github.com/rust-lang/crates.io-index"
checksum = "ec86235f5fcc2a73650310756d2ac5b138a5780bbbdfae3eeccec992c435ba4f"
dependencies = [
 "thiserror-impl",
]

[[package]]
name = "thiserror-impl"
version = "2.0.20"
source = "registry+https://github.com/rust-lang/crates.io-index"
checksum = "bc04cd3e1236dd4a98afca4569f2deb3f120e5422a4023be2cb683f8486292af"
dependencies = [
 "proc-macro2",
 "quote",
 "syn",
]

[[package]]
name = "unicode-ident"
version = "1.0.24"
source = "registry+https://github.com/rust-lang/crates.io-index"
checksum = "e6e4313cd5fcd3dad5cafa179702e2b244f760991f45397d14d4ebf38247da75"
